# This file was autogenerated by Stack.
# You should not edit this file by hand.
# For more information, please see the documentation at:
#   https://docs.haskellstack.org/en/stable/lock_files

packages:
- completed:
    hackage: hmatrix-0.20.2@sha256:0d79c947523faf70b4962d6bfa6c00672983ad749073971ace204dd71a149694,5226
    pantry-tree:
      sha256: e9dd4b69fc5301b55396df97c01713f26f404c7fbf6606955906eb04ffefc483
      size: 2228
  original:
    hackage: hmatrix-0.20.2
- completed:
    hackage: random-1.2.1.2@sha256:32397de181e20ccaacf806ec70de9308cf044f089a2be37c936f3f8967bde867,6460
    pantry-tree:
      sha256: cd0fe2b39e4d4efad4d78f69c28b7fd49ffe2879923b3a9272352edc43a956e6
      size: 1528
  original:
    hackage: random-1.2.1.2
- completed:
    hackage: zlib-0.7.1.0@sha256:bae1c5a6092d65c5e763246f91e04fef3f43e37cb055130725c9a973c88a250f,5223
    pantry-tree:
      sha256: 4910ead8a8bbbad24e44b8617cf47e25b679c3b16d48156ea67bfe57ec6f9d88
      size: 1519
  original:
    hackage: zlib-0.7.1.0
- completed:
    hackage: directory-1.3.8.4@sha256:ae1730011f547153bb52139f217d1d524202b3da730a369660fc539e5dcfff31,3166
    pantry-tree:
      sha256: 50d96f756127905775cdaa1caf1236bc6cd69985500ce7e978c1a9cc84f7493e
      size: 3519
  original:
    hackage: directory-1.3.8.4
- completed:
    hackage: bytestring-0.11.5.3@sha256:3eee5d3658b657371d0f940f1f38feefc2ebdf8592a32d3d0734f28c61f80ba0,7595
    pantry-tree:
      sha256: bb97a05a67b1ea6c61af66e5abbbb0094bc397c1a930348442a41619026191ee
      size: 4019
  original:
    hackage: bytestring-0.11.5.3
snapshots:
- completed:
    sha256: 8e7996960d864443a66eb4105338bbdd6830377b9f6f99cd5527ef73c10c01e7
    size: 719128
    url: https://raw.githubusercontent.com/commercialhaskell/stackage-snapshots/master/lts/22/26.yaml
  original: lts-22.26
